
Microsoft Visual Studio Solution File, Format Version 12.00
# Visual Studio Version 17
VisualStudioVersion = 17.7.34018.315
MinimumVisualStudioVersion = 10.0.40219.1
Project("{FAE04EC0-301F-11D3-BF4B-00C04F79EFBC}") = "AnimalsLinkedList", "AnimalsLinkedList.csproj", "{68922913-C8BE-4643-8B33-23FB2BC9E97E}"
EndProject
Global
	GlobalSection(SolutionConfigurationPlatforms) = preSolution
		Debug|Any CPU = Debug|Any CPU
		Release|Any CPU = Release|Any CPU
	EndGlobalSection
	GlobalSection(ProjectConfigurationPlatforms) = postSolution
		{68922913-C8BE-4643-8B33-23FB2BC9E97E}.Debug|Any CPU.ActiveCfg = Debug|Any CPU
		{68922913-C8BE-4643-8B33-23FB2BC9E97E}.Debug|Any CPU.Build.0 = Debug|Any CPU
		{68922913-C8BE-4643-8B33-23FB2BC9E97E}.Release|Any CPU.ActiveCfg = Release|Any CPU
		{68922913-C8BE-4643-8B33-23FB2BC9E97E}.Release|Any CPU.Build.0 = Release|Any CPU
	EndGlobalSection
	GlobalSection(SolutionProperties) = preSolution
		HideSolutionNode = FALSE
	EndGlobalSection
	GlobalSection(ExtensibilityGlobals) = postSolution
		SolutionGuid = {514CBBFA-1D27-4EB7-8372-53D917593FE1}
	EndGlobalSection
EndGlobal
